{
  "name": "agenlynk",
  "version": "0.4.1",
  "lockfileVersion": 3,
  "requires": true,
  "packages": {
    "": {
      "name": "agenlynk",
      "version": "0.4.1",
      "bin": {
        "agenlynk-sidecar": "sidecar/src/server/monitor.js"
      },
      "engines": {
        "node": ">=22"
      }
    }
  }
}
